
Microsoft Visual Studio Solution File, Format Version 12.00
# Visual Studio 2012
Project("{FAE04EC0-301F-11D3-BF4B-00C04F79EFBC}") = "BPMS", "BPMS\BPMS.csproj", "{8521A40E-0876-42A7-8AFF-09953B9894D1}"
EndProject
Project("{FAE04EC0-301F-11D3-BF4B-00C04F79EFBC}") = "BPMS.Models", "Models\BPMS.Models.csproj", "{9F1F2784-AE32-4FEC-9452-70005076F236}"
EndProject
Project("{FAE04EC0-301F-11D3-BF4B-00C04F79EFBC}") = "BPMS.Controllers", "Controllers\BPMS.Controllers.csproj", "{ADA7A859-E2FB-42D4-A204-DB245B5CB600}"
EndProject
Global
	GlobalSection(SolutionConfigurationPlatforms) = preSolution
		Debug|Any CPU = Debug|Any CPU
		Release|Any CPU = Release|Any CPU
	EndGlobalSection
	GlobalSection(ProjectConfigurationPlatforms) = postSolution
		{8521A40E-0876-42A7-8AFF-09953B9894D1}.Debug|Any CPU.ActiveCfg = Debug|Any CPU
		{8521A40E-0876-42A7-8AFF-09953B9894D1}.Debug|Any CPU.Build.0 = Debug|Any CPU
		{8521A40E-0876-42A7-8AFF-09953B9894D1}.Release|Any CPU.ActiveCfg = Release|Any CPU
		{8521A40E-0876-42A7-8AFF-09953B9894D1}.Release|Any CPU.Build.0 = Release|Any CPU
		{9F1F2784-AE32-4FEC-9452-70005076F236}.Debug|Any CPU.ActiveCfg = Debug|Any CPU
		{9F1F2784-AE32-4FEC-9452-70005076F236}.Debug|Any CPU.Build.0 = Debug|Any CPU
		{9F1F2784-AE32-4FEC-9452-70005076F236}.Release|Any CPU.ActiveCfg = Release|Any CPU
		{9F1F2784-AE32-4FEC-9452-70005076F236}.Release|Any CPU.Build.0 = Release|Any CPU
		{ADA7A859-E2FB-42D4-A204-DB245B5CB600}.Debug|Any CPU.ActiveCfg = Debug|Any CPU
		{ADA7A859-E2FB-42D4-A204-DB245B5CB600}.Debug|Any CPU.Build.0 = Debug|Any CPU
		{ADA7A859-E2FB-42D4-A204-DB245B5CB600}.Release|Any CPU.ActiveCfg = Release|Any CPU
		{ADA7A859-E2FB-42D4-A204-DB245B5CB600}.Release|Any CPU.Build.0 = Release|Any CPU
	EndGlobalSection
	GlobalSection(SolutionProperties) = preSolution
		HideSolutionNode = FALSE
	EndGlobalSection
EndGlobal
